
Microsoft Visual Studio Solution File, Format Version 12.00
# Visual Studio Version 16
VisualStudioVersion = 16.0.30114.105
MinimumVisualStudioVersion = 10.0.40219.1
Project("{9A19103F-16F7-4668-BE54-9A1E7A4F7556}") = "BlogLab.Web", "BlogLab.Web\BlogLab.Web.csproj", "{54E94697-905B-4CA4-A1DF-B05B86F3B84D}"
EndProject
Project("{9A19103F-16F7-4668-BE54-9A1E7A4F7556}") = "BlogLab.Models", "BlogLab.Models\BlogLab.Models.csproj", "{EB9FFA76-7D9E-4D60-BF6A-5DE15A4FCBAE}"
EndProject
Project("{9A19103F-16F7-4668-BE54-9A1E7A4F7556}") = "BlogLab.Repository", "BlogLab.Repository\BlogLab.Repository.csproj", "{99D26478-4169-45A2-B89B-255EF295527A}"
EndProject
Project("{FAE04EC0-301F-11D3-BF4B-00C04F79EFBC}") = "BlogLab.Identity", "BlogLab.Identity\BlogLab.Identity.csproj", "{28E1C9F4-CE1F-4D10-B346-8855174426CF}"
EndProject
Project("{FAE04EC0-301F-11D3-BF4B-00C04F79EFBC}") = "BlogLab.Services", "BlogLab.Services\BlogLab.Services.csproj", "{8AE4A214-B6D1-48A4-9AD2-54A4F89256AD}"
EndProject
Global
	GlobalSection(SolutionConfigurationPlatforms) = preSolution
		Debug|Any CPU = Debug|Any CPU
		Release|Any CPU = Release|Any CPU
	EndGlobalSection
	GlobalSection(ProjectConfigurationPlatforms) = postSolution
		{54E94697-905B-4CA4-A1DF-B05B86F3B84D}.Debug|Any CPU.ActiveCfg = Debug|Any CPU
		{54E94697-905B-4CA4-A1DF-B05B86F3B84D}.Debug|Any CPU.Build.0 = Debug|Any CPU
		{54E94697-905B-4CA4-A1DF-B05B86F3B84D}.Release|Any CPU.ActiveCfg = Release|Any CPU
		{54E94697-905B-4CA4-A1DF-B05B86F3B84D}.Release|Any CPU.Build.0 = Release|Any CPU
		{EB9FFA76-7D9E-4D60-BF6A-5DE15A4FCBAE}.Debug|Any CPU.ActiveCfg = Debug|Any CPU
		{EB9FFA76-7D9E-4D60-BF6A-5DE15A4FCBAE}.Debug|Any CPU.Build.0 = Debug|Any CPU
		{EB9FFA76-7D9E-4D60-BF6A-5DE15A4FCBAE}.Release|Any CPU.ActiveCfg = Release|Any CPU
		{EB9FFA76-7D9E-4D60-BF6A-5DE15A4FCBAE}.Release|Any CPU.Build.0 = Release|Any CPU
		{99D26478-4169-45A2-B89B-255EF295527A}.Debug|Any CPU.ActiveCfg = Debug|Any CPU
		{99D26478-4169-45A2-B89B-255EF295527A}.Debug|Any CPU.Build.0 = Debug|Any CPU
		{99D26478-4169-45A2-B89B-255EF295527A}.Release|Any CPU.ActiveCfg = Release|Any CPU
		{99D26478-4169-45A2-B89B-255EF295527A}.Release|Any CPU.Build.0 = Release|Any CPU
		{28E1C9F4-CE1F-4D10-B346-8855174426CF}.Debug|Any CPU.ActiveCfg = Debug|Any CPU
		{28E1C9F4-CE1F-4D10-B346-8855174426CF}.Debug|Any CPU.Build.0 = Debug|Any CPU
		{28E1C9F4-CE1F-4D10-B346-8855174426CF}.Release|Any CPU.ActiveCfg = Release|Any CPU
		{28E1C9F4-CE1F-4D10-B346-8855174426CF}.Release|Any CPU.Build.0 = Release|Any CPU
		{8AE4A214-B6D1-48A4-9AD2-54A4F89256AD}.Debug|Any CPU.ActiveCfg = Debug|Any CPU
		{8AE4A214-B6D1-48A4-9AD2-54A4F89256AD}.Debug|Any CPU.Build.0 = Debug|Any CPU
		{8AE4A214-B6D1-48A4-9AD2-54A4F89256AD}.Release|Any CPU.ActiveCfg = Release|Any CPU
		{8AE4A214-B6D1-48A4-9AD2-54A4F89256AD}.Release|Any CPU.Build.0 = Release|Any CPU
	EndGlobalSection
	GlobalSection(SolutionProperties) = preSolution
		HideSolutionNode = FALSE
	EndGlobalSection
	GlobalSection(ExtensibilityGlobals) = postSolution
		SolutionGuid = {216DE9AC-E024-468A-A8F5-C26C1AA1CBE7}
	EndGlobalSection
EndGlobal
